{
    "_meta": {
        "hash": {
            "sha256": "a460f095f849d30ce46eca353c82f0bd7f8693dc78218b2cf3e3f54d594f2736"
        },
        "pipfile-spec": 6,
        "requires": {
            "python_full_version": "3.8.13",
            "python_version": "3.8"
        },
        "sources": [
            {
                "name": "pypi",
                "url": "https://pypi.org/simple",
                "verify_ssl": true
            }
        ]
    },
    "default": {},
    "develop": {}
}
